
Microsoft Visual Studio Solution File, Format Version 12.00
# Visual Studio Version 16
VisualStudioVersion = 16.0.31005.135
MinimumVisualStudioVersion = 10.0.40219.1
Project("{FAE04EC0-301F-11D3-BF4B-00C04F79EFBC}") = "DirSize_C", "DirSize_C\DirSize_C.csproj", "{AA571244-91BB-4BAA-8484-BB4A4F6F5B92}"
EndProject
Global
	GlobalSection(SolutionConfigurationPlatforms) = preSolution
		Debug|Any CPU = Debug|Any CPU
		Release|Any CPU = Release|Any CPU
	EndGlobalSection
	GlobalSection(ProjectConfigurationPlatforms) = postSolution
		{AA571244-91BB-4BAA-8484-BB4A4F6F5B92}.Debug|Any CPU.ActiveCfg = Debug|Any CPU
		{AA571244-91BB-4BAA-8484-BB4A4F6F5B92}.Debug|Any CPU.Build.0 = Debug|Any CPU
		{AA571244-91BB-4BAA-8484-BB4A4F6F5B92}.Release|Any CPU.ActiveCfg = Release|Any CPU
		{AA571244-91BB-4BAA-8484-BB4A4F6F5B92}.Release|Any CPU.Build.0 = Release|Any CPU
	EndGlobalSection
	GlobalSection(SolutionProperties) = preSolution
		HideSolutionNode = FALSE
	EndGlobalSection
	GlobalSection(ExtensibilityGlobals) = postSolution
		SolutionGuid = {5337D35A-A5BE-4381-9E0D-D4FD7F4B7F93}
	EndGlobalSection
EndGlobal
